
Microsoft Visual Studio Solution File, Format Version 12.00
# Visual Studio Version 17
VisualStudioVersion = 17.7.34202.233
MinimumVisualStudioVersion = 10.0.40219.1
Project("{9A19103F-16F7-4668-BE54-9A1E7A4F7556}") = "pacifictours.Server", "pacifictours\Server\pacifictours.Server.csproj", "{B99DA969-3734-4D0C-963D-2B4EF5BACCC4}"
EndProject
Project("{9A19103F-16F7-4668-BE54-9A1E7A4F7556}") = "pacifictours.Client", "pacifictours\Client\pacifictours.Client.csproj", "{895D0F83-E063-49D0-82C1-33209C297B71}"
EndProject
Project("{9A19103F-16F7-4668-BE54-9A1E7A4F7556}") = "pacifictours.Shared", "pacifictours\Shared\pacifictours.Shared.csproj", "{3F3706BF-8EB9-4042-9D9D-E35D6214F005}"
EndProject
Global
	GlobalSection(SolutionConfigurationPlatforms) = preSolution
		Debug|Any CPU = Debug|Any CPU
		Release|Any CPU = Release|Any CPU
	EndGlobalSection
	GlobalSection(ProjectConfigurationPlatforms) = postSolution
		{B99DA969-3734-4D0C-963D-2B4EF5BACCC4}.Debug|Any CPU.ActiveCfg = Debug|Any CPU
		{B99DA969-3734-4D0C-963D-2B4EF5BACCC4}.Debug|Any CPU.Build.0 = Debug|Any CPU
		{B99DA969-3734-4D0C-963D-2B4EF5BACCC4}.Release|Any CPU.ActiveCfg = Release|Any CPU
		{B99DA969-3734-4D0C-963D-2B4EF5BACCC4}.Release|Any CPU.Build.0 = Release|Any CPU
		{895D0F83-E063-49D0-82C1-33209C297B71}.Debug|Any CPU.ActiveCfg = Debug|Any CPU
		{895D0F83-E063-49D0-82C1-33209C297B71}.Debug|Any CPU.Build.0 = Debug|Any CPU
		{895D0F83-E063-49D0-82C1-33209C297B71}.Release|Any CPU.ActiveCfg = Release|Any CPU
		{895D0F83-E063-49D0-82C1-33209C297B71}.Release|Any CPU.Build.0 = Release|Any CPU
		{3F3706BF-8EB9-4042-9D9D-E35D6214F005}.Debug|Any CPU.ActiveCfg = Debug|Any CPU
		{3F3706BF-8EB9-4042-9D9D-E35D6214F005}.Debug|Any CPU.Build.0 = Debug|Any CPU
		{3F3706BF-8EB9-4042-9D9D-E35D6214F005}.Release|Any CPU.ActiveCfg = Release|Any CPU
		{3F3706BF-8EB9-4042-9D9D-E35D6214F005}.Release|Any CPU.Build.0 = Release|Any CPU
	EndGlobalSection
	GlobalSection(SolutionProperties) = preSolution
		HideSolutionNode = FALSE
	EndGlobalSection
	GlobalSection(ExtensibilityGlobals) = postSolution
		SolutionGuid = {D07E0C1D-B2F8-4DC1-99EB-790E1FECF1CF}
	EndGlobalSection
EndGlobal
